
Microsoft Visual Studio Solution File, Format Version 12.00
# Visual Studio Version 17
VisualStudioVersion = 17.3.32922.545
MinimumVisualStudioVersion = 10.0.40219.1
Project("{9A19103F-16F7-4668-BE54-9A1E7A4F7556}") = "ExpenceManager", "ExpenceManager\ExpenceManager.csproj", "{6D7973AC-4368-49D8-9A36-0AE95E3E323C}"
EndProject
Project("{FAE04EC0-301F-11D3-BF4B-00C04F79EFBC}") = "DataTransferObjects", "DataTransferObjects\DataTransferObjects.csproj", "{3C19B55A-6CA8-4DD8-98CA-FC054CB87D60}"
EndProject
Global
	GlobalSection(SolutionConfigurationPlatforms) = preSolution
		Debug|Any CPU = Debug|Any CPU
		Release|Any CPU = Release|Any CPU
	EndGlobalSection
	GlobalSection(ProjectConfigurationPlatforms) = postSolution
		{6D7973AC-4368-49D8-9A36-0AE95E3E323C}.Debug|Any CPU.ActiveCfg = Debug|Any CPU
		{6D7973AC-4368-49D8-9A36-0AE95E3E323C}.Debug|Any CPU.Build.0 = Debug|Any CPU
		{6D7973AC-4368-49D8-9A36-0AE95E3E323C}.Release|Any CPU.ActiveCfg = Release|Any CPU
		{6D7973AC-4368-49D8-9A36-0AE95E3E323C}.Release|Any CPU.Build.0 = Release|Any CPU
		{3C19B55A-6CA8-4DD8-98CA-FC054CB87D60}.Debug|Any CPU.ActiveCfg = Debug|Any CPU
		{3C19B55A-6CA8-4DD8-98CA-FC054CB87D60}.Debug|Any CPU.Build.0 = Debug|Any CPU
		{3C19B55A-6CA8-4DD8-98CA-FC054CB87D60}.Release|Any CPU.ActiveCfg = Release|Any CPU
		{3C19B55A-6CA8-4DD8-98CA-FC054CB87D60}.Release|Any CPU.Build.0 = Release|Any CPU
	EndGlobalSection
	GlobalSection(SolutionProperties) = preSolution
		HideSolutionNode = FALSE
	EndGlobalSection
	GlobalSection(ExtensibilityGlobals) = postSolution
		SolutionGuid = {00993FF5-29F4-498B-AC6F-6F07DAA4F118}
	EndGlobalSection
EndGlobal
